
Microsoft Visual Studio Solution File, Format Version 12.00
# Visual Studio 15
VisualStudioVersion = 15.0.28307.539
MinimumVisualStudioVersion = 10.0.40219.1
Project("{FAE04EC0-301F-11D3-BF4B-00C04F79EFBC}") = "Partyplaner", "Partyplaner\Partyplaner.csproj", "{4AA2CD81-16A5-4C85-80B3-90977AD4D607}"
EndProject
Global
	GlobalSection(SolutionConfigurationPlatforms) = preSolution
		Debug|Any CPU = Debug|Any CPU
		Release|Any CPU = Release|Any CPU
	EndGlobalSection
	GlobalSection(ProjectConfigurationPlatforms) = postSolution
		{4AA2CD81-16A5-4C85-80B3-90977AD4D607}.Debug|Any CPU.ActiveCfg = Debug|Any CPU
		{4AA2CD81-16A5-4C85-80B3-90977AD4D607}.Debug|Any CPU.Build.0 = Debug|Any CPU
		{4AA2CD81-16A5-4C85-80B3-90977AD4D607}.Release|Any CPU.ActiveCfg = Release|Any CPU
		{4AA2CD81-16A5-4C85-80B3-90977AD4D607}.Release|Any CPU.Build.0 = Release|Any CPU
	EndGlobalSection
	GlobalSection(SolutionProperties) = preSolution
		HideSolutionNode = FALSE
	EndGlobalSection
	GlobalSection(ExtensibilityGlobals) = postSolution
		SolutionGuid = {03A530F4-E9C3-4CFF-8148-89FABAC00E61}
	EndGlobalSection
EndGlobal
